github.com/grokify/mogo v0.74.1 h1:oODNqQFBWD4lNEdr5gq0eDMVUUyP26bOEboK9UZycnw=
github.com/grokify/mogo v0.74.1/go.mod h1:RC7/sy7MsyZSwJesNohN2EkGvgSFeSLvzOw4c/dGdSo=
github.com/grokify/sogo v0.14.0 h1:BjhTRzur/V9DzPslKy5TLqxLna3O6EXe4b1WLyOIbLM=
github.com/grokify/sogo v0.14.0/go.mod h1:VlV8J7HJQMs9trLT2qeHYOCcXGhYuuKfd48flANwlX0=
